// !$*UTF8*$!
{
	archiveVersion = 1;
	classes = {
	};
	objectVersion = 46;
	objects = {

/* Begin PBXBuildFile section */
		CD43DF701E1C36440048063A /* AppDelegate.swift in Sources */ = {isa = PBXBuildFile; fileRef = CD43DF6F1E1C36440048063A /* AppDelegate.swift */; };
		CD43DF721E1C36440048063A /* ViewController.swift in Sources */ = {isa = PBXBuildFile; fileRef = CD43DF711E1C36440048063A /* ViewController.swift */; };
		CD43DF751E1C36440048063A /* Main.storyboard in Resources */ = {isa = PBXBuildFile; fileRef = CD43DF731E1C36440048063A /* Main.storyboard */; };
		CD43DF771E1C36440048063A /* Assets.xcassets in Resources */ = {isa = PBXBuildFile; fileRef = CD43DF761E1C36440048063A /* Assets.xcassets */; };
		CD43DF7A1E1C36440048063A /* LaunchScreen.storyboard in Resources */ = {isa = PBXBuildFile; fileRef = CD43DF781E1C36440048063A /* LaunchScreen.storyboard */; };
/* End PBXBuildFile section */

/* Begin PBXFileReference section */
		CD43DF6C1E1C36440048063A /* SpeechToText.app */ = {isa = PBXFileReference; explicitFileType = wrapper.application; includeInIndex = 0; path = SpeechToText.app; sourceTree = BUILT_PRODUCTS_DIR; };
		CD43DF6F1E1C36440048063A /* AppDelegate.swift */ = {isa = PBXFileReference; lastKnownFileType = sourcecode.swift; path = AppDelegate.swift; sourceTree = "<group>"; };
		CD43DF711E1C36440048063A /* ViewController.swift */ = {isa = PBXFileReference; lastKnownFileType = sourcecode.swift; path = ViewController.swift; sourceTree = "<group>"; };
		CD43DF741E1C36440048063A /* Base */ = {isa = PBXFileReference; lastKnownFileType = file.storyboard; name = Base; path = Base.lproj/Main.storyboard; sourceTree = "<group>"; };
		CD43DF761E1C36440048063A /* Assets.xcassets */ = {isa = PBXFileReference; lastKnownFileType = folder.assetcatalog; path = Assets.xcassets; sourceTree = "<group>"; };
		CD43DF791E1C36440048063A /* Base */ = {isa = PBXFileReference; lastKnownFileType = file.storyboard; name = Base; path = Base.lproj/LaunchScreen.storyboard; sourceTree = "<group>"; };
		CD43DF7B1E1C36440048063A /* Info.plist */ = {isa = PBXFileReference; lastKnownFileType = text.plist.xml; path = Info.plist; sourceTree = "<group>"; };
/* End PBXFileReference section */

/* Begin PBXFrameworksBuildPhase section */
		CD43DF691E1C36440048063A /* Frameworks */ = {
			isa = PBXFrameworksBuildPhase;
			buildActionMask = 2147483647;
			files = (
			);
			runOnlyForDeploymentPostprocessing = 0;
		};
/* End PBXFrameworksBuildPhase section */

/* Begin PBXGroup section */
		CD43DF631E1C36440048063A = {
			isa = PBXGroup;
			children = (
				CD43DF6E1E1C36440048063A /* SpeechToText */,
				CD43DF6D1E1C36440048063A /* Products */,
			);
			sourceTree = "<group>";
		};
		CD43DF6D1E1C36440048063A /* Products */ = {
			isa = PBXGroup;
			children = (
				CD43DF6C1E1C36440048063A /* SpeechToText.app */,
			);
			name = Products;
			sourceTree = "<group>";
		};
		CD43DF6E1E1C36440048063A /* SpeechToText */ = {
			isa = PBXGroup;
			children = (
				CD43DF6F1E1C36440048063A /* AppDelegate.swift */,
				CD43DF711E1C36440048063A /* ViewController.swift */,
				CD43DF731E1C36440048063A /* Main.storyboard */,
				CD43DF761E1C36440048063A /* Assets.xcassets */,
				CD43DF781E1C36440048063A /* LaunchScreen.storyboard */,
				CD43DF7B1E1C36440048063A /* Info.plist */,
			);
			path = SpeechToText;
			sourceTree = "<group>";
		};
/* End PBXGroup section */

/* Begin PBXNativeTarget section */
		CD43DF6B1E1C36440048063A /* SpeechToText */ = {
			isa = PBXNativeTarget;
			buildConfigurationList = CD43DF7E1E1C36440048063A /* Build configuration list for PBXNativeTarget "SpeechToText" */;
			buildPhases = (
				CD43DF681E1C36440048063A /* Sources */,
				CD43DF691E1C36440048063A /* Frameworks */,
				CD43DF6A1E1C36440048063A /* Resources */,
			);
			buildRules = (
			);
			dependencies = (
			);
			name = SpeechToText;
			productName = SpeechToText;
			productReference = CD43DF6C1E1C36440048063A /* SpeechToText.app */;
			productType = "com.apple.product-type.application";
		};
/* End PBXNativeTarget section */

/* Begin PBXProject section */
		CD43DF641E1C36440048063A /* Project object */ = {
			isa = PBXProject;
			attributes = {
				LastSwiftUpdateCheck = 0820;
				LastUpgradeCheck = 0820;
				ORGANIZATIONNAME = "Andrew Belozerov";
				TargetAttributes = {
					CD43DF6B1E1C36440048063A = {
						CreatedOnToolsVersion = 8.2.1;
						DevelopmentTeam = 676778BJEB;
						ProvisioningStyle = Automatic;
					};
				};
			};
			buildConfigurationList = CD43DF671E1C36440048063A /* Build configuration list for PBXProject "SpeechToText" */;
			compatibilityVersion = "Xcode 3.2";
			developmentRegion = English;
			hasScannedForEncodings = 0;
			knownRegions = (
				en,
				Base,
			);
			mainGroup = CD43DF631E1C36440048063A;
			productRefGroup = CD43DF6D1E1C36440048063A /* Products */;
			projectDirPath = "";
			projectRoot = "";
			targets = (
				CD43DF6B1E1C36440048063A /* SpeechToText */,
			);
		};
/* End PBXProject section */

/* Begin PBXResourcesBuildPhase section */
		CD43DF6A1E1C36440048063A /* Resources */ = {
			isa = PBXResourcesBuildPhase;
			buildActionMask = 2147483647;
			files = (
				CD43DF7A1E1C36440048063A /* LaunchScreen.storyboard in Resources */,
				CD43DF771E1C36440048063A /* Assets.xcassets in Resources */,
				CD43DF751E1C36440048063A /* Main.storyboard in Resources */,
			);
			runOnlyForDeploymentPostprocessing = 0;
		};
/* End PBXResourcesBuildPhase section */

/* Begin PBXSourcesBuildPhase section */
		CD43DF681E1C36440048063A /* Sources */ = {
			isa = PBXSourcesBuildPhase;
			buildActionMask = 2147483647;
			files = (
				CD43DF721E1C36440048063A /* ViewController.swift in Sources */,
				CD43DF701E1C36440048063A /* AppDelegate.swift in Sources */,
			);
			runOnlyForDeploymentPostprocessing = 0;
		};
/* End PBXSourcesBuildPhase section */

/* Begin PBXVariantGroup section */
		CD43DF731E1C36440048063A /* Main.storyboard */ = {
			isa = PBXVariantGroup;
			children = (
				CD43DF741E1C36440048063A /* Base */,
			);
			name = Main.storyboard;
			sourceTree = "<group>";
		};
		CD43DF781E1C36440048063A /* LaunchScreen.storyboard */ = {
			isa = PBXVariantGroup;
			children = (
				CD43DF791E1C36440048063A /* Base */,
			);
			name = LaunchScreen.storyboard;
			sourceTree = "<group>";
		};
/* End PBXVariantGroup section */

/* Begin XCBuildConfiguration section */
		CD43DF7C1E1C36440048063A /* Debug */ = {
			isa = XCBuildConfiguration;
			buildSettings = {
				ALWAYS_SEARCH_USER_PATHS = NO;
				CLANG_ANALYZER_NONNULL = YES;
				CLANG_CXX_LANGUAGE_STANDARD = "gnu++0x";
				CLANG_CXX_LIBRARY = "libc++";
				CLANG_ENABLE_MODULES = YES;
				CLANG_ENABLE_OBJC_ARC = YES;
				CLANG_WARN_BOOL_CONVERSION = YES;
				CLANG_WARN_CONSTANT_CONVERSION = YES;
				CLANG_WARN_DIRECT_OBJC_ISA_USAGE = YES_ERROR;
				CLANG_WARN_DOCUMENTATION_COMMENTS = YES;
				CLANG_WARN_EMPTY_BODY = YES;
				CLANG_WARN_ENUM_CONVERSION = YES;
				CLANG_WARN_INFINITE_RECURSION = YES;
				CLANG_WARN_INT_CONVERSION = YES;
				CLANG_WARN_OBJC_ROOT_CLASS = YES_ERROR;
				CLANG_WARN_SUSPICIOUS_MOVE = YES;
				CLANG_WARN_UNREACHABLE_CODE = YES;
				CLANG_WARN__DUPLICATE_METHOD_MATCH = YES;
				"CODE_SIGN_IDENTITY[sdk=iphoneos*]" = "iPhone Developer";
				COPY_PHASE_STRIP = NO;
				DEBUG_INFORMATION_FORMAT = dwarf;
				ENABLE_STRICT_OBJC_MSGSEND = YES;
				ENABLE_TESTABILITY = YES;
				GCC_C_LANGUAGE_STANDARD = gnu99;
				GCC_DYNAMIC_NO_PIC = NO;
				GCC_NO_COMMON_BLOCKS = YES;
				GCC_OPTIMIZATION_LEVEL = 0;
				GCC_PREPROCESSOR_DEFINITIONS = (
					"DEBUG=1",
					"$(inherited)",
				);
				GCC_WARN_64_TO_32_BIT_CONVERSION = YES;
				GCC_WARN_ABOUT_RETURN_TYPE = YES_ERROR;
				GCC_WARN_UNDECLARED_SELECTOR = YES;
				GCC_WARN_UNINITIALIZED_AUTOS = YES_AGGRESSIVE;
				GCC_WARN_UNUSED_FUNCTION = YES;
				GCC_WARN_UNUSED_VARIABLE = YES;
				IPHONEOS_DEPLOYMENT_TARGET = 10.2;
				MTL_ENABLE_DEBUG_INFO = YES;
				ONLY_ACTIVE_ARCH = YES;
				SDKROOT = iphoneos;
				SWIFT_ACTIVE_COMPILATION_CONDITIONS = DEBUG;
				SWIFT_OPTIMIZATION_LEVEL = "-Onone";
			};
			name = Debug;
		};
		CD43DF7D1E1C36440048063A /* Release */ = {
			isa = XCBuildConfiguration;
			buildSettings = {
				ALWAYS_SEARCH_USER_PATHS = NO;
				CLANG_ANALYZER_NONNULL = YES;
				CLANG_CXX_LANGUAGE_STANDARD = "gnu++0x";
				CLANG_CXX_LIBRARY = "libc++";
				CLANG_ENABLE_MODULES = YES;
				CLANG_ENABLE_OBJC_ARC = YES;
				CLANG_WARN_BOOL_CONVERSION = YES;
				CLANG_WARN_CONSTANT_CONVERSION = YES;
				CLANG_WARN_DIRECT_OBJC_ISA_USAGE = YES_ERROR;
				CLANG_WARN_DOCUMENTATION_COMMENTS = YES;
				CLANG_WARN_EMPTY_BODY = YES;
				CLANG_WARN_ENUM_CONVERSION = YES;
				CLANG_WARN_INFINITE_RECURSION = YES;
				CLANG_WARN_INT_CONVERSION = YES;
				CLANG_WARN_OBJC_ROOT_CLASS = YES_ERROR;
				CLANG_WARN_SUSPICIOUS_MOVE = YES;
				CLANG_WARN_UNREACHABLE_CODE = YES;
				CLANG_WARN__DUPLICATE_METHOD_MATCH = YES;
				"CODE_SIGN_IDENTITY[sdk=iphoneos*]" = "iPhone Developer";
				COPY_PHASE_STRIP = NO;
				DEBUG_INFORMATION_FORMAT = "dwarf-with-dsym";
				ENABLE_NS_ASSERTIONS = NO;
				ENABLE_STRICT_OBJC_MSGSEND = YES;
				GCC_C_LANGUAGE_STANDARD = gnu99;
				GCC_NO_COMMON_BLOCKS = YES;
				GCC_WARN_64_TO_32_BIT_CONVERSION = YES;
				GCC_WARN_ABOUT_RETURN_TYPE = YES_ERROR;
				GCC_WARN_UNDECLARED_SELECTOR = YES;
				GCC_WARN_UNINITIALIZED_AUTOS = YES_AGGRESSIVE;
				GCC_WARN_UNUSED_FUNCTION = YES;
				GCC_WARN_UNUSED_VARIABLE = YES;
				IPHONEOS_DEPLOYMENT_TARGET = 10.2;
				MTL_ENABLE_DEBUG_INFO = NO;
				SDKROOT = iphoneos;
				SWIFT_OPTIMIZATION_LEVEL = "-Owholemodule";
				VALIDATE_PRODUCT = YES;
			};
			name = Release;
		};
		CD43DF7F1E1C36440048063A /* Debug */ = {
			isa = XCBuildConfiguration;
			buildSettings = {
				ASSETCATALOG_COMPILER_APPICON_NAME = AppIcon;
				DEVELOPMENT_TEAM = 676778BJEB;
				INFOPLIST_FILE = SpeechToText/Info.plist;
				LD_RUNPATH_SEARCH_PATHS = "$(inherited) @executable_path/Frameworks";
				PRODUCT_BUNDLE_IDENTIFIER = ru.proSwift.SpeechToText;
				PRODUCT_NAME = "$(TARGET_NAME)";
				SWIFT_VERSION = 3.0;
			};
			name = Debug;
		};
		CD43DF801E1C36440048063A /* Release */ = {
			isa = XCBuildConfiguration;
			buildSettings = {
				ASSETCATALOG_COMPILER_APPICON_NAME = AppIcon;
				DEVELOPMENT_TEAM = 676778BJEB;
				INFOPLIST_FILE = SpeechToText/Info.plist;
				LD_RUNPATH_SEARCH_PATHS = "$(inherited) @executable_path/Frameworks";
				PRODUCT_BUNDLE_IDENTIFIER = ru.proSwift.SpeechToText;
				PRODUCT_NAME = "$(TARGET_NAME)";
				SWIFT_VERSION = 3.0;
			};
			name = Release;
		};
/* End XCBuildConfiguration section */

/* Begin XCConfigurationList section */
		CD43DF671E1C36440048063A /* Build configuration list for PBXProject "SpeechToText" */ = {
			isa = XCConfigurationList;
			buildConfigurations = (
				CD43DF7C1E1C36440048063A /* Debug */,
				CD43DF7D1E1C36440048063A /* Release */,
			);
			defaultConfigurationIsVisible = 0;
			defaultConfigurationName = Release;
		};
		CD43DF7E1E1C36440048063A /* Build configuration list for PBXNativeTarget "SpeechToText" */ = {
			isa = XCConfigurationList;
			buildConfigurations = (
				CD43DF7F1E1C36440048063A /* Debug */,
				CD43DF801E1C36440048063A /* Release */,
			);
			defaultConfigurationIsVisible = 0;
		};
/* End XCConfigurationList section */
	};
	rootObject = CD43DF641E1C36440048063A /* Project object */;
}
